// !$*UTF8*$!
{
	archiveVersion = 1;
	classes = {
	};
	objectVersion = 55;
	objects = {

/* Begin PBXBuildFile section */
		1E1218A62865924300328484 /* LaunchLargeView.swift in Sources */ = {isa = PBXBuildFile; fileRef = 1E1218A52865924300328484 /* LaunchLargeView.swift */; };
		1E1218A82865D63F00328484 /* LaunchDetailView.swift in Sources */ = {isa = PBXBuildFile; fileRef = 1E1218A72865D63F00328484 /* LaunchDetailView.swift */; };
		1E1218AA2865D8A700328484 /* LaunchErrorView.swift in Sources */ = {isa = PBXBuildFile; fileRef = 1E1218A92865D8A700328484 /* LaunchErrorView.swift */; };
		1E1218AE28699C1500328484 /* LaunchRowView.swift in Sources */ = {isa = PBXBuildFile; fileRef = 1E1218AD28699C1500328484 /* LaunchRowView.swift */; };
		1E1218B02869C47900328484 /* LaunchMissionCardView.swift in Sources */ = {isa = PBXBuildFile; fileRef = 1E1218AF2869C47900328484 /* LaunchMissionCardView.swift */; };
		1E40DDC4286ACF170038039F /* NewsWebView.swift in Sources */ = {isa = PBXBuildFile; fileRef = 1E40DDC3286ACF170038039F /* NewsWebView.swift */; };
		1E40DDC9286BFDC90038039F /* Color+Ext.swift in Sources */ = {isa = PBXBuildFile; fileRef = 1E40DDC8286BFDC90038039F /* Color+Ext.swift */; };
		1E40DDCB286C0C2B0038039F /* LaunchStatusCardView.swift in Sources */ = {isa = PBXBuildFile; fileRef = 1E40DDCA286C0C2B0038039F /* LaunchStatusCardView.swift */; };
		1E40DDCD286C0E710038039F /* CardViewModifier.swift in Sources */ = {isa = PBXBuildFile; fileRef = 1E40DDCC286C0E710038039F /* CardViewModifier.swift */; };
		1E40DDCF286C0EB20038039F /* View+Ext.swift in Sources */ = {isa = PBXBuildFile; fileRef = 1E40DDCE286C0EB20038039F /* View+Ext.swift */; };
		1E40DDD3286C468D0038039F /* LaunchLoadingView.swift in Sources */ = {isa = PBXBuildFile; fileRef = 1E40DDD2286C468D0038039F /* LaunchLoadingView.swift */; };
		1E40DDD8286C76A90038039F /* SettingsView.swift in Sources */ = {isa = PBXBuildFile; fileRef = 1E40DDD7286C76A90038039F /* SettingsView.swift */; };
		1E40DDDC286D8E110038039F /* WebViewController.swift in Sources */ = {isa = PBXBuildFile; fileRef = 1E40DDDB286D8E110038039F /* WebViewController.swift */; };
		1E91C27B287DD379006481F3 /* HomeLaunchListView.swift in Sources */ = {isa = PBXBuildFile; fileRef = 1E91C27A287DD379006481F3 /* HomeLaunchListView.swift */; };
		1EA5B975287FC8D6005A9954 /* ThemeManager.swift in Sources */ = {isa = PBXBuildFile; fileRef = 1EA5B974287FC8D6005A9954 /* ThemeManager.swift */; };
		1EA5B977287FD016005A9954 /* UIApplication+Ext.swift in Sources */ = {isa = PBXBuildFile; fileRef = 1EA5B976287FD016005A9954 /* UIApplication+Ext.swift */; };
		1EA5B97928805E0D005A9954 /* Endpoint.swift in Sources */ = {isa = PBXBuildFile; fileRef = 1EA5B97828805E0D005A9954 /* Endpoint.swift */; };
		1EA5B97B28805E2B005A9954 /* HTTPClient.swift in Sources */ = {isa = PBXBuildFile; fileRef = 1EA5B97A28805E2B005A9954 /* HTTPClient.swift */; };
		1EA5B97D28806BB6005A9954 /* LaunchEndpoint.swift in Sources */ = {isa = PBXBuildFile; fileRef = 1EA5B97C28806BB6005A9954 /* LaunchEndpoint.swift */; };
		1EA5B97F28806CE1005A9954 /* NewsEndpoint.swift in Sources */ = {isa = PBXBuildFile; fileRef = 1EA5B97E28806CE1005A9954 /* NewsEndpoint.swift */; };
		1EA5B98428806ED2005A9954 /* NewsAPIService.swift in Sources */ = {isa = PBXBuildFile; fileRef = 1EA5B98328806ED2005A9954 /* NewsAPIService.swift */; };
		1EA5B98628806F42005A9954 /* LaunchAPIService.swift in Sources */ = {isa = PBXBuildFile; fileRef = 1EA5B98528806F42005A9954 /* LaunchAPIService.swift */; };
		1EA5B98828811AF0005A9954 /* UpcomingLaunches.json in Resources */ = {isa = PBXBuildFile; fileRef = 1EA5B98728811AF0005A9954 /* UpcomingLaunches.json */; };
		1EA5B98A28811B2B005A9954 /* JSONReader.swift in Sources */ = {isa = PBXBuildFile; fileRef = 1EA5B98928811B2B005A9954 /* JSONReader.swift */; };
		1EA5B99528815433005A9954 /* LaunchVideoView.swift in Sources */ = {isa = PBXBuildFile; fileRef = 1EA5B99428815433005A9954 /* LaunchVideoView.swift */; };
		1EA5B99828850E6C005A9954 /* EventsView.swift in Sources */ = {isa = PBXBuildFile; fileRef = 1EA5B99728850E6C005A9954 /* EventsView.swift */; };
		1EA5B99A28855540005A9954 /* Event.swift in Sources */ = {isa = PBXBuildFile; fileRef = 1EA5B99928855540005A9954 /* Event.swift */; };
		1EA5B99C28855554005A9954 /* EventsFetcher.swift in Sources */ = {isa = PBXBuildFile; fileRef = 1EA5B99B28855554005A9954 /* EventsFetcher.swift */; };
		1EACE0E528706C530051B61D /* String+Ext.swift in Sources */ = {isa = PBXBuildFile; fileRef = 1EACE0E428706C530051B61D /* String+Ext.swift */; };
		1EACE0E728706CCA0051B61D /* RoundedCorner.swift in Sources */ = {isa = PBXBuildFile; fileRef = 1EACE0E628706CCA0051B61D /* RoundedCorner.swift */; };
		1EACE0FA2873F83A0051B61D /* LaunchListView.swift in Sources */ = {isa = PBXBuildFile; fileRef = 1EACE0F92873F83A0051B61D /* LaunchListView.swift */; };
		1EACE0FC287403730051B61D /* LaunchEmptyView.swift in Sources */ = {isa = PBXBuildFile; fileRef = 1EACE0FB287403730051B61D /* LaunchEmptyView.swift */; };
		1EACE102287566FB0051B61D /* LaunchDetailFetcher.swift in Sources */ = {isa = PBXBuildFile; fileRef = 1EACE101287566FB0051B61D /* LaunchDetailFetcher.swift */; };
		1EACE10D28758C0F0051B61D /* Launch.json in Resources */ = {isa = PBXBuildFile; fileRef = 1EACE10C28758C0F0051B61D /* Launch.json */; };
		1EAFDF71286AAE7F00998ADA /* LaunchRocketCardView.swift in Sources */ = {isa = PBXBuildFile; fileRef = 1EAFDF70286AAE7F00998ADA /* LaunchRocketCardView.swift */; };
		1EAFDF73286AAEB600998ADA /* LaunchPadCardView.swift in Sources */ = {isa = PBXBuildFile; fileRef = 1EAFDF72286AAEB600998ADA /* LaunchPadCardView.swift */; };
		1EAFDF75286AB65D00998ADA /* LaunchServiceCardView.swift in Sources */ = {isa = PBXBuildFile; fileRef = 1EAFDF74286AB65D00998ADA /* LaunchServiceCardView.swift */; };
		1EAFDF77286ABFC000998ADA /* TagView.swift in Sources */ = {isa = PBXBuildFile; fileRef = 1EAFDF76286ABFC000998ADA /* TagView.swift */; };
		1EB24CFC2864606400229E9F /* StretchyHeaderImageView.swift in Sources */ = {isa = PBXBuildFile; fileRef = 1EB24CFB2864606400229E9F /* StretchyHeaderImageView.swift */; };
		1EB24CFE2864697100229E9F /* Launch.swift in Sources */ = {isa = PBXBuildFile; fileRef = 1EB24CFD2864697100229E9F /* Launch.swift */; };
		1EB24D03286575C900229E9F /* HomeLaunchFetcher.swift in Sources */ = {isa = PBXBuildFile; fileRef = 1EB24D02286575C900229E9F /* HomeLaunchFetcher.swift */; };
		1ED3EE582862BB3D00B4FC75 /* FrontierApp.swift in Sources */ = {isa = PBXBuildFile; fileRef = 1ED3EE572862BB3D00B4FC75 /* FrontierApp.swift */; };
		1ED3EE612862BB3E00B4FC75 /* Assets.xcassets in Resources */ = {isa = PBXBuildFile; fileRef = 1ED3EE602862BB3E00B4FC75 /* Assets.xcassets */; };
		1ED3EE642862BB3E00B4FC75 /* LaunchScreen.storyboard in Resources */ = {isa = PBXBuildFile; fileRef = 1ED3EE622862BB3E00B4FC75 /* LaunchScreen.storyboard */; };
		1ED3EE6F2862BB3E00B4FC75 /* FrontierTests.swift in Sources */ = {isa = PBXBuildFile; fileRef = 1ED3EE6E2862BB3E00B4FC75 /* FrontierTests.swift */; };
		1ED3EE792862BB3E00B4FC75 /* FrontierUITests.swift in Sources */ = {isa = PBXBuildFile; fileRef = 1ED3EE782862BB3E00B4FC75 /* FrontierUITests.swift */; };
		1ED3EE7B2862BB3E00B4FC75 /* FrontierUITestsLaunchTests.swift in Sources */ = {isa = PBXBuildFile; fileRef = 1ED3EE7A2862BB3E00B4FC75 /* FrontierUITestsLaunchTests.swift */; };
		1ED3EE932862BE8600B4FC75 /* HomeView.swift in Sources */ = {isa = PBXBuildFile; fileRef = 1ED3EE922862BE8600B4FC75 /* HomeView.swift */; };
		1ED3EE9A2862BF8900B4FC75 /* NewsView.swift in Sources */ = {isa = PBXBuildFile; fileRef = 1ED3EE992862BF8900B4FC75 /* NewsView.swift */; };
		1ED3EE9D2862CAF800B4FC75 /* APIError.swift in Sources */ = {isa = PBXBuildFile; fileRef = 1ED3EE9C2862CAF800B4FC75 /* APIError.swift */; };
		1ED3EE9F2862CB3700B4FC75 /* APIService.swift in Sources */ = {isa = PBXBuildFile; fileRef = 1ED3EE9E2862CB3700B4FC75 /* APIService.swift */; };
		1ED3EEA62862D08E00B4FC75 /* Article.swift in Sources */ = {isa = PBXBuildFile; fileRef = 1ED3EEA52862D08E00B4FC75 /* Article.swift */; };
		1ED3EEAA2862D24900B4FC75 /* NewsArticleFetcher.swift in Sources */ = {isa = PBXBuildFile; fileRef = 1ED3EEA92862D24900B4FC75 /* NewsArticleFetcher.swift */; };
		1ED3EEAC2862D5BC00B4FC75 /* NewsLoadingView.swift in Sources */ = {isa = PBXBuildFile; fileRef = 1ED3EEAB2862D5BB00B4FC75 /* NewsLoadingView.swift */; };
		1ED3EEAE2862D5E800B4FC75 /* NewsErrorView.swift in Sources */ = {isa = PBXBuildFile; fileRef = 1ED3EEAD2862D5E800B4FC75 /* NewsErrorView.swift */; };
		1ED3EEB02862D7EC00B4FC75 /* NewsListView.swift in Sources */ = {isa = PBXBuildFile; fileRef = 1ED3EEAF2862D7EC00B4FC75 /* NewsListView.swift */; };
		1ED3EEB22862DC0D00B4FC75 /* NewsRowView.swift in Sources */ = {isa = PBXBuildFile; fileRef = 1ED3EEB12862DC0D00B4FC75 /* NewsRowView.swift */; };
		1ED3EEB72862DFAE00B4FC75 /* ImageLoadingView.swift in Sources */ = {isa = PBXBuildFile; fileRef = 1ED3EEB62862DFAE00B4FC75 /* ImageLoadingView.swift */; };
		1ED3EEB92862DFD300B4FC75 /* ImageLoader.swift in Sources */ = {isa = PBXBuildFile; fileRef = 1ED3EEB82862DFD300B4FC75 /* ImageLoader.swift */; };
		1EE3034A28759B88007AF99C /* LaunchServiceProvider.swift in Sources */ = {isa = PBXBuildFile; fileRef = 1EE3034928759B88007AF99C /* LaunchServiceProvider.swift */; };
		1EE3034C28759B9E007AF99C /* Rocket.swift in Sources */ = {isa = PBXBuildFile; fileRef = 1EE3034B28759B9E007AF99C /* Rocket.swift */; };
		1EE3034E28759BB8007AF99C /* LaunchSerializer.swift in Sources */ = {isa = PBXBuildFile; fileRef = 1EE3034D28759BB8007AF99C /* LaunchSerializer.swift */; };
		1EE3035028759BCE007AF99C /* LaunchStatus.swift in Sources */ = {isa = PBXBuildFile; fileRef = 1EE3034F28759BCE007AF99C /* LaunchStatus.swift */; };
		1EE3035228759BE0007AF99C /* Mission.swift in Sources */ = {isa = PBXBuildFile; fileRef = 1EE3035128759BE0007AF99C /* Mission.swift */; };
		1EE3035428759BF6007AF99C /* Pad.swift in Sources */ = {isa = PBXBuildFile; fileRef = 1EE3035328759BF6007AF99C /* Pad.swift */; };
		1EE3035628759C1B007AF99C /* InfoURL.swift in Sources */ = {isa = PBXBuildFile; fileRef = 1EE3035528759C1B007AF99C /* InfoURL.swift */; };
		1EE3035828759C31007AF99C /* VidURL.swift in Sources */ = {isa = PBXBuildFile; fileRef = 1EE3035728759C31007AF99C /* VidURL.swift */; };
		1EE303602876CBB8007AF99C /* RootView.swift in Sources */ = {isa = PBXBuildFile; fileRef = 1EE3035F2876CBB8007AF99C /* RootView.swift */; };
		1EFB464C2886F98D00BD1AFE /* LaunchCountDownService.swift in Sources */ = {isa = PBXBuildFile; fileRef = 1EFB464B2886F98D00BD1AFE /* LaunchCountDownService.swift */; };
		1EFB464E2886FAB300BD1AFE /* LaunchCountdownView.swift in Sources */ = {isa = PBXBuildFile; fileRef = 1EFB464D2886FAB300BD1AFE /* LaunchCountdownView.swift */; };
		1EFB4650288A804C00BD1AFE /* LaunchCountdownTimeView.swift in Sources */ = {isa = PBXBuildFile; fileRef = 1EFB464F288A804C00BD1AFE /* LaunchCountdownTimeView.swift */; };
/* End PBXBuildFile section */

/* Begin PBXContainerItemProxy section */
		1ED3EE6B2862BB3E00B4FC75 /* PBXContainerItemProxy */ = {
			isa = PBXContainerItemProxy;
			containerPortal = 1ED3EE4C2862BB3D00B4FC75 /* Project object */;
			proxyType = 1;
			remoteGlobalIDString = 1ED3EE532862BB3D00B4FC75;
			remoteInfo = Frontier;
		};
		1ED3EE752862BB3E00B4FC75 /* PBXContainerItemProxy */ = {
			isa = PBXContainerItemProxy;
			containerPortal = 1ED3EE4C2862BB3D00B4FC75 /* Project object */;
			proxyType = 1;
			remoteGlobalIDString = 1ED3EE532862BB3D00B4FC75;
			remoteInfo = Frontier;
		};
/* End PBXContainerItemProxy section */

/* Begin PBXFileReference section */
		1E1218A52865924300328484 /* LaunchLargeView.swift */ = {isa = PBXFileReference; lastKnownFileType = sourcecode.swift; path = LaunchLargeView.swift; sourceTree = "<group>"; };
		1E1218A72865D63F00328484 /* LaunchDetailView.swift */ = {isa = PBXFileReference; lastKnownFileType = sourcecode.swift; path = LaunchDetailView.swift; sourceTree = "<group>"; };
		1E1218A92865D8A700328484 /* LaunchErrorView.swift */ = {isa = PBXFileReference; lastKnownFileType = sourcecode.swift; path = LaunchErrorView.swift; sourceTree = "<group>"; };
		1E1218AD28699C1500328484 /* LaunchRowView.swift */ = {isa = PBXFileReference; lastKnownFileType = sourcecode.swift; path = LaunchRowView.swift; sourceTree = "<group>"; };
		1E1218AF2869C47900328484 /* LaunchMissionCardView.swift */ = {isa = PBXFileReference; lastKnownFileType = sourcecode.swift; path = LaunchMissionCardView.swift; sourceTree = "<group>"; };
		1E40DDC3286ACF170038039F /* NewsWebView.swift */ = {isa = PBXFileReference; lastKnownFileType = sourcecode.swift; path = NewsWebView.swift; sourceTree = "<group>"; };
		1E40DDC8286BFDC90038039F /* Color+Ext.swift */ = {isa = PBXFileReference; lastKnownFileType = sourcecode.swift; path = "Color+Ext.swift"; sourceTree = "<group>"; };
		1E40DDCA286C0C2B0038039F /* LaunchStatusCardView.swift */ = {isa = PBXFileReference; lastKnownFileType = sourcecode.swift; path = LaunchStatusCardView.swift; sourceTree = "<group>"; };
		1E40DDCC286C0E710038039F /* CardViewModifier.swift */ = {isa = PBXFileReference; lastKnownFileType = sourcecode.swift; path = CardViewModifier.swift; sourceTree = "<group>"; };
		1E40DDCE286C0EB20038039F /* View+Ext.swift */ = {isa = PBXFileReference; lastKnownFileType = sourcecode.swift; path = "View+Ext.swift"; sourceTree = "<group>"; };
		1E40DDD2286C468D0038039F /* LaunchLoadingView.swift */ = {isa = PBXFileReference; lastKnownFileType = sourcecode.swift; path = LaunchLoadingView.swift; sourceTree = "<group>"; };
		1E40DDD7286C76A90038039F /* SettingsView.swift */ = {isa = PBXFileReference; lastKnownFileType = sourcecode.swift; path = SettingsView.swift; sourceTree = "<group>"; };
		1E40DDDB286D8E110038039F /* WebViewController.swift */ = {isa = PBXFileReference; lastKnownFileType = sourcecode.swift; path = WebViewController.swift; sourceTree = "<group>"; };
		1E91C27A287DD379006481F3 /* HomeLaunchListView.swift */ = {isa = PBXFileReference; lastKnownFileType = sourcecode.swift; path = HomeLaunchListView.swift; sourceTree = "<group>"; };
		1EA5B974287FC8D6005A9954 /* ThemeManager.swift */ = {isa = PBXFileReference; lastKnownFileType = sourcecode.swift; path = ThemeManager.swift; sourceTree = "<group>"; };
		1EA5B976287FD016005A9954 /* UIApplication+Ext.swift */ = {isa = PBXFileReference; lastKnownFileType = sourcecode.swift; path = "UIApplication+Ext.swift"; sourceTree = "<group>"; };
		1EA5B97828805E0D005A9954 /* Endpoint.swift */ = {isa = PBXFileReference; lastKnownFileType = sourcecode.swift; path = Endpoint.swift; sourceTree = "<group>"; };
		1EA5B97A28805E2B005A9954 /* HTTPClient.swift */ = {isa = PBXFileReference; lastKnownFileType = sourcecode.swift; path = HTTPClient.swift; sourceTree = "<group>"; };
		1EA5B97C28806BB6005A9954 /* LaunchEndpoint.swift */ = {isa = PBXFileReference; lastKnownFileType = sourcecode.swift; path = LaunchEndpoint.swift; sourceTree = "<group>"; };
		1EA5B97E28806CE1005A9954 /* NewsEndpoint.swift */ = {isa = PBXFileReference; lastKnownFileType = sourcecode.swift; path = NewsEndpoint.swift; sourceTree = "<group>"; };
		1EA5B98328806ED2005A9954 /* NewsAPIService.swift */ = {isa = PBXFileReference; lastKnownFileType = sourcecode.swift; path = NewsAPIService.swift; sourceTree = "<group>"; };
		1EA5B98528806F42005A9954 /* LaunchAPIService.swift */ = {isa = PBXFileReference; lastKnownFileType = sourcecode.swift; path = LaunchAPIService.swift; sourceTree = "<group>"; };
		1EA5B98728811AF0005A9954 /* UpcomingLaunches.json */ = {isa = PBXFileReference; fileEncoding = 4; lastKnownFileType = text.json; path = UpcomingLaunches.json; sourceTree = "<group>"; };
		1EA5B98928811B2B005A9954 /* JSONReader.swift */ = {isa = PBXFileReference; lastKnownFileType = sourcecode.swift; path = JSONReader.swift; sourceTree = "<group>"; };
		1EA5B99428815433005A9954 /* LaunchVideoView.swift */ = {isa = PBXFileReference; lastKnownFileType = sourcecode.swift; path = LaunchVideoView.swift; sourceTree = "<group>"; };
		1EA5B99728850E6C005A9954 /* EventsView.swift */ = {isa = PBXFileReference; lastKnownFileType = sourcecode.swift; path = EventsView.swift; sourceTree = "<group>"; };
		1EA5B99928855540005A9954 /* Event.swift */ = {isa = PBXFileReference; lastKnownFileType = sourcecode.swift; path = Event.swift; sourceTree = "<group>"; };
		1EA5B99B28855554005A9954 /* EventsFetcher.swift */ = {isa = PBXFileReference; lastKnownFileType = sourcecode.swift; path = EventsFetcher.swift; sourceTree = "<group>"; };
		1EACE0E428706C530051B61D /* String+Ext.swift */ = {isa = PBXFileReference; lastKnownFileType = sourcecode.swift; path = "String+Ext.swift"; sourceTree = "<group>"; };
		1EACE0E628706CCA0051B61D /* RoundedCorner.swift */ = {isa = PBXFileReference; lastKnownFileType = sourcecode.swift; path = RoundedCorner.swift; sourceTree = "<group>"; };
		1EACE0F92873F83A0051B61D /* LaunchListView.swift */ = {isa = PBXFileReference; lastKnownFileType = sourcecode.swift; path = LaunchListView.swift; sourceTree = "<group>"; };
		1EACE0FB287403730051B61D /* LaunchEmptyView.swift */ = {isa = PBXFileReference; lastKnownFileType = sourcecode.swift; path = LaunchEmptyView.swift; sourceTree = "<group>"; };
		1EACE101287566FB0051B61D /* LaunchDetailFetcher.swift */ = {isa = PBXFileReference; lastKnownFileType = sourcecode.swift; path = LaunchDetailFetcher.swift; sourceTree = "<group>"; };
		1EACE10C28758C0F0051B61D /* Launch.json */ = {isa = PBXFileReference; fileEncoding = 4; lastKnownFileType = text.json; path = Launch.json; sourceTree = "<group>"; };
		1EAFDF70286AAE7F00998ADA /* LaunchRocketCardView.swift */ = {isa = PBXFileReference; lastKnownFileType = sourcecode.swift; path = LaunchRocketCardView.swift; sourceTree = "<group>"; };
		1EAFDF72286AAEB600998ADA /* LaunchPadCardView.swift */ = {isa = PBXFileReference; lastKnownFileType = sourcecode.swift; path = LaunchPadCardView.swift; sourceTree = "<group>"; };
		1EAFDF74286AB65D00998ADA /* LaunchServiceCardView.swift */ = {isa = PBXFileReference; lastKnownFileType = sourcecode.swift; path = LaunchServiceCardView.swift; sourceTree = "<group>"; };
		1EAFDF76286ABFC000998ADA /* TagView.swift */ = {isa = PBXFileReference; lastKnownFileType = sourcecode.swift; path = TagView.swift; sourceTree = "<group>"; };
		1EB24CFB2864606400229E9F /* StretchyHeaderImageView.swift */ = {isa = PBXFileReference; lastKnownFileType = sourcecode.swift; path = StretchyHeaderImageView.swift; sourceTree = "<group>"; };
		1EB24CFD2864697100229E9F /* Launch.swift */ = {isa = PBXFileReference; lastKnownFileType = sourcecode.swift; path = Launch.swift; sourceTree = "<group>"; };
		1EB24D02286575C900229E9F /* HomeLaunchFetcher.swift */ = {isa = PBXFileReference; lastKnownFileType = sourcecode.swift; path = HomeLaunchFetcher.swift; sourceTree = "<group>"; };
		1ED3EE542862BB3D00B4FC75 /* Frontier.app */ = {isa = PBXFileReference; explicitFileType = wrapper.application; includeInIndex = 0; path = Frontier.app; sourceTree = BUILT_PRODUCTS_DIR; };
		1ED3EE572862BB3D00B4FC75 /* FrontierApp.swift */ = {isa = PBXFileReference; lastKnownFileType = sourcecode.swift; path = FrontierApp.swift; sourceTree = "<group>"; };
		1ED3EE602862BB3E00B4FC75 /* Assets.xcassets */ = {isa = PBXFileReference; lastKnownFileType = folder.assetcatalog; path = Assets.xcassets; sourceTree = "<group>"; };
		1ED3EE632862BB3E00B4FC75 /* Base */ = {isa = PBXFileReference; lastKnownFileType = file.storyboard; name = Base; path = Base.lproj/LaunchScreen.storyboard; sourceTree = "<group>"; };
		1ED3EE652862BB3E00B4FC75 /* Info.plist */ = {isa = PBXFileReference; lastKnownFileType = text.plist.xml; path = Info.plist; sourceTree = "<group>"; };
		1ED3EE6A2862BB3E00B4FC75 /* FrontierTests.xctest */ = {isa = PBXFileReference; explicitFileType = wrapper.cfbundle; includeInIndex = 0; path = FrontierTests.xctest; sourceTree = BUILT_PRODUCTS_DIR; };
		1ED3EE6E2862BB3E00B4FC75 /* FrontierTests.swift */ = {isa = PBXFileReference; lastKnownFileType = sourcecode.swift; path = FrontierTests.swift; sourceTree = "<group>"; };
		1ED3EE742862BB3E00B4FC75 /* FrontierUITests.xctest */ = {isa = PBXFileReference; explicitFileType = wrapper.cfbundle; includeInIndex = 0; path = FrontierUITests.xctest; sourceTree = BUILT_PRODUCTS_DIR; };
		1ED3EE782862BB3E00B4FC75 /* FrontierUITests.swift */ = {isa = PBXFileReference; lastKnownFileType = sourcecode.swift; path = FrontierUITests.swift; sourceTree = "<group>"; };
		1ED3EE7A2862BB3E00B4FC75 /* FrontierUITestsLaunchTests.swift */ = {isa = PBXFileReference; lastKnownFileType = sourcecode.swift; path = FrontierUITestsLaunchTests.swift; sourceTree = "<group>"; };
		1ED3EE922862BE8600B4FC75 /* HomeView.swift */ = {isa = PBXFileReference; lastKnownFileType = sourcecode.swift; path = HomeView.swift; sourceTree = "<group>"; };
		1ED3EE992862BF8900B4FC75 /* NewsView.swift */ = {isa = PBXFileReference; lastKnownFileType = sourcecode.swift; path = NewsView.swift; sourceTree = "<group>"; };
		1ED3EE9C2862CAF800B4FC75 /* APIError.swift */ = {isa = PBXFileReference; lastKnownFileType = sourcecode.swift; path = APIError.swift; sourceTree = "<group>"; };
		1ED3EE9E2862CB3700B4FC75 /* APIService.swift */ = {isa = PBXFileReference; lastKnownFileType = sourcecode.swift; path = APIService.swift; sourceTree = "<group>"; };
		1ED3EEA52862D08E00B4FC75 /* Article.swift */ = {isa = PBXFileReference; lastKnownFileType = sourcecode.swift; path = Article.swift; sourceTree = "<group>"; };
		1ED3EEA92862D24900B4FC75 /* NewsArticleFetcher.swift */ = {isa = PBXFileReference; lastKnownFileType = sourcecode.swift; path = NewsArticleFetcher.swift; sourceTree = "<group>"; };
		1ED3EEAB2862D5BB00B4FC75 /* NewsLoadingView.swift */ = {isa = PBXFileReference; lastKnownFileType = sourcecode.swift; path = NewsLoadingView.swift; sourceTree = "<group>"; };
		1ED3EEAD2862D5E800B4FC75 /* NewsErrorView.swift */ = {isa = PBXFileReference; lastKnownFileType = sourcecode.swift; path = NewsErrorView.swift; sourceTree = "<group>"; };
		1ED3EEAF2862D7EC00B4FC75 /* NewsListView.swift */ = {isa = PBXFileReference; lastKnownFileType = sourcecode.swift; path = NewsListView.swift; sourceTree = "<group>"; };
		1ED3EEB12862DC0D00B4FC75 /* NewsRowView.swift */ = {isa = PBXFileReference; lastKnownFileType = sourcecode.swift; path = NewsRowView.swift; sourceTree = "<group>"; };
		1ED3EEB62862DFAE00B4FC75 /* ImageLoadingView.swift */ = {isa = PBXFileReference; lastKnownFileType = sourcecode.swift; path = ImageLoadingView.swift; sourceTree = "<group>"; };
		1ED3EEB82862DFD300B4FC75 /* ImageLoader.swift */ = {isa = PBXFileReference; lastKnownFileType = sourcecode.swift; path = ImageLoader.swift; sourceTree = "<group>"; };
		1EE3034928759B88007AF99C /* LaunchServiceProvider.swift */ = {isa = PBXFileReference; lastKnownFileType = sourcecode.swift; path = LaunchServiceProvider.swift; sourceTree = "<group>"; };
		1EE3034B28759B9E007AF99C /* Rocket.swift */ = {isa = PBXFileReference; lastKnownFileType = sourcecode.swift; path = Rocket.swift; sourceTree = "<group>"; };
		1EE3034D28759BB8007AF99C /* LaunchSerializer.swift */ = {isa = PBXFileReference; lastKnownFileType = sourcecode.swift; path = LaunchSerializer.swift; sourceTree = "<group>"; };
		1EE3034F28759BCE007AF99C /* LaunchStatus.swift */ = {isa = PBXFileReference; lastKnownFileType = sourcecode.swift; path = LaunchStatus.swift; sourceTree = "<group>"; };
		1EE3035128759BE0007AF99C /* Mission.swift */ = {isa = PBXFileReference; lastKnownFileType = sourcecode.swift; path = Mission.swift; sourceTree = "<group>"; };
		1EE3035328759BF6007AF99C /* Pad.swift */ = {isa = PBXFileReference; lastKnownFileType = sourcecode.swift; path = Pad.swift; sourceTree = "<group>"; };
		1EE3035528759C1B007AF99C /* InfoURL.swift */ = {isa = PBXFileReference; lastKnownFileType = sourcecode.swift; path = InfoURL.swift; sourceTree = "<group>"; };
		1EE3035728759C31007AF99C /* VidURL.swift */ = {isa = PBXFileReference; lastKnownFileType = sourcecode.swift; path = VidURL.swift; sourceTree = "<group>"; };
		1EE3035F2876CBB8007AF99C /* RootView.swift */ = {isa = PBXFileReference; lastKnownFileType = sourcecode.swift; path = RootView.swift; sourceTree = "<group>"; };
		1EFB464B2886F98D00BD1AFE /* LaunchCountDownService.swift */ = {isa = PBXFileReference; lastKnownFileType = sourcecode.swift; path = LaunchCountDownService.swift; sourceTree = "<group>"; };
		1EFB464D2886FAB300BD1AFE /* LaunchCountdownView.swift */ = {isa = PBXFileReference; lastKnownFileType = sourcecode.swift; path = LaunchCountdownView.swift; sourceTree = "<group>"; };
		1EFB464F288A804C00BD1AFE /* LaunchCountdownTimeView.swift */ = {isa = PBXFileReference; lastKnownFileType = sourcecode.swift; path = LaunchCountdownTimeView.swift; sourceTree = "<group>"; };
/* End PBXFileReference section */

/* Begin PBXFrameworksBuildPhase section */
		1ED3EE512862BB3D00B4FC75 /* Frameworks */ = {
			isa = PBXFrameworksBuildPhase;
			buildActionMask = 2147483647;
			files = (
			);
			runOnlyForDeploymentPostprocessing = 0;
		};
		1ED3EE672862BB3E00B4FC75 /* Frameworks */ = {
			isa = PBXFrameworksBuildPhase;
			buildActionMask = 2147483647;
			files = (
			);
			runOnlyForDeploymentPostprocessing = 0;
		};
		1ED3EE712862BB3E00B4FC75 /* Frameworks */ = {
			isa = PBXFrameworksBuildPhase;
			buildActionMask = 2147483647;
			files = (
			);
			runOnlyForDeploymentPostprocessing = 0;
		};
/* End PBXFrameworksBuildPhase section */

/* Begin PBXGroup section */
		1E40DDC7286BFDB10038039F /* Extensions */ = {
			isa = PBXGroup;
			children = (
				1EA5B976287FD016005A9954 /* UIApplication+Ext.swift */,
				1E40DDC8286BFDC90038039F /* Color+Ext.swift */,
				1E40DDCE286C0EB20038039F /* View+Ext.swift */,
				1EACE0E428706C530051B61D /* String+Ext.swift */,
			);
			path = Extensions;
			sourceTree = "<group>";
		};
		1E40DDD4286C76700038039F /* Settings */ = {
			isa = PBXGroup;
			children = (
				1E40DDD7286C76A90038039F /* SettingsView.swift */,
				1EA5B974287FC8D6005A9954 /* ThemeManager.swift */,
			);
			path = Settings;
			sourceTree = "<group>";
		};
		1EA5B98028806E25005A9954 /* Shared */ = {
			isa = PBXGroup;
			children = (
				1ED3EE9C2862CAF800B4FC75 /* APIError.swift */,
				1ED3EE9E2862CB3700B4FC75 /* APIService.swift */,
				1ED3EEB82862DFD300B4FC75 /* ImageLoader.swift */,
				1EA5B97828805E0D005A9954 /* Endpoint.swift */,
				1EA5B97A28805E2B005A9954 /* HTTPClient.swift */,
				1EA5B98928811B2B005A9954 /* JSONReader.swift */,
			);
			path = Shared;
			sourceTree = "<group>";
		};
		1EA5B98128806E5D005A9954 /* Launch */ = {
			isa = PBXGroup;
			children = (
				1EA5B97C28806BB6005A9954 /* LaunchEndpoint.swift */,
				1EA5B98528806F42005A9954 /* LaunchAPIService.swift */,
			);
			path = Launch;
			sourceTree = "<group>";
		};
		1EA5B98228806E78005A9954 /* News */ = {
			isa = PBXGroup;
			children = (
				1EA5B97E28806CE1005A9954 /* NewsEndpoint.swift */,
				1EA5B98328806ED2005A9954 /* NewsAPIService.swift */,
			);
			path = News;
			sourceTree = "<group>";
		};
		1EA5B99628850E56005A9954 /* Events */ = {
			isa = PBXGroup;
			children = (
				1EA5B99728850E6C005A9954 /* EventsView.swift */,
				1EA5B99B28855554005A9954 /* EventsFetcher.swift */,
			);
			path = Events;
			sourceTree = "<group>";
		};
		1EACE1002875648F0051B61D /* LaunchDetail */ = {
			isa = PBXGroup;
			children = (
				1E1218A72865D63F00328484 /* LaunchDetailView.swift */,
				1EA5B99428815433005A9954 /* LaunchVideoView.swift */,
				1EACE101287566FB0051B61D /* LaunchDetailFetcher.swift */,
				1EFB464D2886FAB300BD1AFE /* LaunchCountdownView.swift */,
				1EFB464F288A804C00BD1AFE /* LaunchCountdownTimeView.swift */,
				1EFB464B2886F98D00BD1AFE /* LaunchCountDownService.swift */,
				1E40DDCA286C0C2B0038039F /* LaunchStatusCardView.swift */,
				1E1218AF2869C47900328484 /* LaunchMissionCardView.swift */,
				1EAFDF70286AAE7F00998ADA /* LaunchRocketCardView.swift */,
				1EAFDF74286AB65D00998ADA /* LaunchServiceCardView.swift */,
				1EAFDF72286AAEB600998ADA /* LaunchPadCardView.swift */,
			);
			path = LaunchDetail;
			sourceTree = "<group>";
		};
		1EACE10B28758AEC0051B61D /* Examples */ = {
			isa = PBXGroup;
			children = (
				1EACE10C28758C0F0051B61D /* Launch.json */,
				1EA5B98728811AF0005A9954 /* UpcomingLaunches.json */,
			);
			path = Examples;
			sourceTree = "<group>";
		};
		1ED3EE4B2862BB3D00B4FC75 = {
			isa = PBXGroup;
			children = (
				1ED3EE562862BB3D00B4FC75 /* Frontier */,
				1ED3EE6D2862BB3E00B4FC75 /* FrontierTests */,
				1ED3EE772862BB3E00B4FC75 /* FrontierUITests */,
				1ED3EE552862BB3D00B4FC75 /* Products */,
			);
			sourceTree = "<group>";
		};
		1ED3EE552862BB3D00B4FC75 /* Products */ = {
			isa = PBXGroup;
			children = (
				1ED3EE542862BB3D00B4FC75 /* Frontier.app */,
				1ED3EE6A2862BB3E00B4FC75 /* FrontierTests.xctest */,
				1ED3EE742862BB3E00B4FC75 /* FrontierUITests.xctest */,
			);
			name = Products;
			sourceTree = "<group>";
		};
		1ED3EE562862BB3D00B4FC75 /* Frontier */ = {
			isa = PBXGroup;
			children = (
				1ED3EE572862BB3D00B4FC75 /* FrontierApp.swift */,
				1ED3EE8C2862BC7A00B4FC75 /* Main */,
				1ED3EE9B2862CAE900B4FC75 /* Network */,
				1ED3EEA22862D03400B4FC75 /* Models */,
				1ED3EEB52862DFA000B4FC75 /* CommonViews */,
				1E40DDC7286BFDB10038039F /* Extensions */,
				1ED3EE622862BB3E00B4FC75 /* LaunchScreen.storyboard */,
				1ED3EE652862BB3E00B4FC75 /* Info.plist */,
				1ED3EE602862BB3E00B4FC75 /* Assets.xcassets */,
			);
			path = Frontier;
			sourceTree = "<group>";
		};
		1ED3EE6D2862BB3E00B4FC75 /* FrontierTests */ = {
			isa = PBXGroup;
			children = (
				1ED3EE6E2862BB3E00B4FC75 /* FrontierTests.swift */,
			);
			path = FrontierTests;
			sourceTree = "<group>";
		};
		1ED3EE772862BB3E00B4FC75 /* FrontierUITests */ = {
			isa = PBXGroup;
			children = (
				1ED3EE782862BB3E00B4FC75 /* FrontierUITests.swift */,
				1ED3EE7A2862BB3E00B4FC75 /* FrontierUITestsLaunchTests.swift */,
			);
			path = FrontierUITests;
			sourceTree = "<group>";
		};
		1ED3EE8C2862BC7A00B4FC75 /* Main */ = {
			isa = PBXGroup;
			children = (
				1EE3035F2876CBB8007AF99C /* RootView.swift */,
				1ED3EE8F2862BCC900B4FC75 /* Home */,
				1EA5B99628850E56005A9954 /* Events */,
				1ED3EE942862BF4C00B4FC75 /* News */,
				1E40DDD4286C76700038039F /* Settings */,
			);
			path = Main;
			sourceTree = "<group>";
		};
		1ED3EE8F2862BCC900B4FC75 /* Home */ = {
			isa = PBXGroup;
			children = (
				1ED3EE922862BE8600B4FC75 /* HomeView.swift */,
				1EB24D02286575C900229E9F /* HomeLaunchFetcher.swift */,
				1E91C27A287DD379006481F3 /* HomeLaunchListView.swift */,
				1E1218A52865924300328484 /* LaunchLargeView.swift */,
				1EACE0F92873F83A0051B61D /* LaunchListView.swift */,
				1E1218AD28699C1500328484 /* LaunchRowView.swift */,
				1E40DDD2286C468D0038039F /* LaunchLoadingView.swift */,
				1E1218A92865D8A700328484 /* LaunchErrorView.swift */,
				1EACE0FB287403730051B61D /* LaunchEmptyView.swift */,
				1EACE1002875648F0051B61D /* LaunchDetail */,
			);
			path = Home;
			sourceTree = "<group>";
		};
		1ED3EE942862BF4C00B4FC75 /* News */ = {
			isa = PBXGroup;
			children = (
				1ED3EE992862BF8900B4FC75 /* NewsView.swift */,
				1ED3EEA92862D24900B4FC75 /* NewsArticleFetcher.swift */,
				1ED3EEAF2862D7EC00B4FC75 /* NewsListView.swift */,
				1ED3EEB12862DC0D00B4FC75 /* NewsRowView.swift */,
				1E40DDC3286ACF170038039F /* NewsWebView.swift */,
				1ED3EEAB2862D5BB00B4FC75 /* NewsLoadingView.swift */,
				1ED3EEAD2862D5E800B4FC75 /* NewsErrorView.swift */,
			);
			path = News;
			sourceTree = "<group>";
		};
		1ED3EE9B2862CAE900B4FC75 /* Network */ = {
			isa = PBXGroup;
			children = (
				1EA5B98028806E25005A9954 /* Shared */,
				1EA5B98128806E5D005A9954 /* Launch */,
				1EA5B98228806E78005A9954 /* News */,
			);
			path = Network;
			sourceTree = "<group>";
		};
		1ED3EEA22862D03400B4FC75 /* Models */ = {
			isa = PBXGroup;
			children = (
				1ED3EEA52862D08E00B4FC75 /* Article.swift */,
				1EB24CFD2864697100229E9F /* Launch.swift */,
				1EE3034F28759BCE007AF99C /* LaunchStatus.swift */,
				1EE3034D28759BB8007AF99C /* LaunchSerializer.swift */,
				1EE3034928759B88007AF99C /* LaunchServiceProvider.swift */,
				1EE3034B28759B9E007AF99C /* Rocket.swift */,
				1EE3035128759BE0007AF99C /* Mission.swift */,
				1EE3035328759BF6007AF99C /* Pad.swift */,
				1EE3035528759C1B007AF99C /* InfoURL.swift */,
				1EE3035728759C31007AF99C /* VidURL.swift */,
				1EA5B99928855540005A9954 /* Event.swift */,
				1EACE10B28758AEC0051B61D /* Examples */,
			);
			path = Models;
			sourceTree = "<group>";
		};
		1ED3EEB52862DFA000B4FC75 /* CommonViews */ = {
			isa = PBXGroup;
			children = (
				1ED3EEB62862DFAE00B4FC75 /* ImageLoadingView.swift */,
				1EB24CFB2864606400229E9F /* StretchyHeaderImageView.swift */,
				1EAFDF76286ABFC000998ADA /* TagView.swift */,
				1E40DDDB286D8E110038039F /* WebViewController.swift */,
				1E40DDCC286C0E710038039F /* CardViewModifier.swift */,
				1EACE0E628706CCA0051B61D /* RoundedCorner.swift */,
			);
			path = CommonViews;
			sourceTree = "<group>";
		};
/* End PBXGroup section */

/* Begin PBXNativeTarget section */
		1ED3EE532862BB3D00B4FC75 /* Frontier */ = {
			isa = PBXNativeTarget;
			buildConfigurationList = 1ED3EE7E2862BB3E00B4FC75 /* Build configuration list for PBXNativeTarget "Frontier" */;
			buildPhases = (
				1ED3EE502862BB3D00B4FC75 /* Sources */,
				1ED3EE512862BB3D00B4FC75 /* Frameworks */,
				1ED3EE522862BB3D00B4FC75 /* Resources */,
			);
			buildRules = (
			);
			dependencies = (
			);
			name = Frontier;
			packageProductDependencies = (
			);
			productName = Frontier;
			productReference = 1ED3EE542862BB3D00B4FC75 /* Frontier.app */;
			productType = "com.apple.product-type.application";
		};
		1ED3EE692862BB3E00B4FC75 /* FrontierTests */ = {
			isa = PBXNativeTarget;
			buildConfigurationList = 1ED3EE812862BB3E00B4FC75 /* Build configuration list for PBXNativeTarget "FrontierTests" */;
			buildPhases = (
				1ED3EE662862BB3E00B4FC75 /* Sources */,
				1ED3EE672862BB3E00B4FC75 /* Frameworks */,
				1ED3EE682862BB3E00B4FC75 /* Resources */,
			);
			buildRules = (
			);
			dependencies = (
				1ED3EE6C2862BB3E00B4FC75 /* PBXTargetDependency */,
			);
			name = FrontierTests;
			productName = FrontierTests;
			productReference = 1ED3EE6A2862BB3E00B4FC75 /* FrontierTests.xctest */;
			productType = "com.apple.product-type.bundle.unit-test";
		};
		1ED3EE732862BB3E00B4FC75 /* FrontierUITests */ = {
			isa = PBXNativeTarget;
			buildConfigurationList = 1ED3EE842862BB3E00B4FC75 /* Build configuration list for PBXNativeTarget "FrontierUITests" */;
			buildPhases = (
				1ED3EE702862BB3E00B4FC75 /* Sources */,
				1ED3EE712862BB3E00B4FC75 /* Frameworks */,
				1ED3EE722862BB3E00B4FC75 /* Resources */,
			);
			buildRules = (
			);
			dependencies = (
				1ED3EE762862BB3E00B4FC75 /* PBXTargetDependency */,
			);
			name = FrontierUITests;
			productName = FrontierUITests;
			productReference = 1ED3EE742862BB3E00B4FC75 /* FrontierUITests.xctest */;
			productType = "com.apple.product-type.bundle.ui-testing";
		};
/* End PBXNativeTarget section */

/* Begin PBXProject section */
		1ED3EE4C2862BB3D00B4FC75 /* Project object */ = {
			isa = PBXProject;
			attributes = {
				BuildIndependentTargetsInParallel = 1;
				LastSwiftUpdateCheck = 1340;
				LastUpgradeCheck = 1340;
				TargetAttributes = {
					1ED3EE532862BB3D00B4FC75 = {
						CreatedOnToolsVersion = 13.4.1;
					};
					1ED3EE692862BB3E00B4FC75 = {
						CreatedOnToolsVersion = 13.4.1;
						TestTargetID = 1ED3EE532862BB3D00B4FC75;
					};
					1ED3EE732862BB3E00B4FC75 = {
						CreatedOnToolsVersion = 13.4.1;
						TestTargetID = 1ED3EE532862BB3D00B4FC75;
					};
				};
			};
			buildConfigurationList = 1ED3EE4F2862BB3D00B4FC75 /* Build configuration list for PBXProject "Frontier" */;
			compatibilityVersion = "Xcode 13.0";
			developmentRegion = en;
			hasScannedForEncodings = 0;
			knownRegions = (
				en,
				Base,
			);
			mainGroup = 1ED3EE4B2862BB3D00B4FC75;
			packageReferences = (
			);
			productRefGroup = 1ED3EE552862BB3D00B4FC75 /* Products */;
			projectDirPath = "";
			projectRoot = "";
			targets = (
				1ED3EE532862BB3D00B4FC75 /* Frontier */,
				1ED3EE692862BB3E00B4FC75 /* FrontierTests */,
				1ED3EE732862BB3E00B4FC75 /* FrontierUITests */,
			);
		};
/* End PBXProject section */

/* Begin PBXResourcesBuildPhase section */
		1ED3EE522862BB3D00B4FC75 /* Resources */ = {
			isa = PBXResourcesBuildPhase;
			buildActionMask = 2147483647;
			files = (
				1ED3EE642862BB3E00B4FC75 /* LaunchScreen.storyboard in Resources */,
				1EACE10D28758C0F0051B61D /* Launch.json in Resources */,
				1EA5B98828811AF0005A9954 /* UpcomingLaunches.json in Resources */,
				1ED3EE612862BB3E00B4FC75 /* Assets.xcassets in Resources */,
			);
			runOnlyForDeploymentPostprocessing = 0;
		};
		1ED3EE682862BB3E00B4FC75 /* Resources */ = {
			isa = PBXResourcesBuildPhase;
			buildActionMask = 2147483647;
			files = (
			);
			runOnlyForDeploymentPostprocessing = 0;
		};
		1ED3EE722862BB3E00B4FC75 /* Resources */ = {
			isa = PBXResourcesBuildPhase;
			buildActionMask = 2147483647;
			files = (
			);
			runOnlyForDeploymentPostprocessing = 0;
		};
/* End PBXResourcesBuildPhase section */

/* Begin PBXSourcesBuildPhase section */
		1ED3EE502862BB3D00B4FC75 /* Sources */ = {
			isa = PBXSourcesBuildPhase;
			buildActionMask = 2147483647;
			files = (
				1ED3EEB22862DC0D00B4FC75 /* NewsRowView.swift in Sources */,
				1EACE102287566FB0051B61D /* LaunchDetailFetcher.swift in Sources */,
				1ED3EEA62862D08E00B4FC75 /* Article.swift in Sources */,
				1E40DDCF286C0EB20038039F /* View+Ext.swift in Sources */,
				1EE3035828759C31007AF99C /* VidURL.swift in Sources */,
				1EACE0FC287403730051B61D /* LaunchEmptyView.swift in Sources */,
				1EA5B98428806ED2005A9954 /* NewsAPIService.swift in Sources */,
				1E91C27B287DD379006481F3 /* HomeLaunchListView.swift in Sources */,
				1E40DDCD286C0E710038039F /* CardViewModifier.swift in Sources */,
				1E40DDCB286C0C2B0038039F /* LaunchStatusCardView.swift in Sources */,
				1EA5B97928805E0D005A9954 /* Endpoint.swift in Sources */,
				1EA5B97B28805E2B005A9954 /* HTTPClient.swift in Sources */,
				1E1218A62865924300328484 /* LaunchLargeView.swift in Sources */,
				1EB24D03286575C900229E9F /* HomeLaunchFetcher.swift in Sources */,
				1E40DDD3286C468D0038039F /* LaunchLoadingView.swift in Sources */,
				1EA5B97F28806CE1005A9954 /* NewsEndpoint.swift in Sources */,
				1ED3EE932862BE8600B4FC75 /* HomeView.swift in Sources */,
				1EE3035028759BCE007AF99C /* LaunchStatus.swift in Sources */,
				1EB24CFC2864606400229E9F /* StretchyHeaderImageView.swift in Sources */,
				1EAFDF73286AAEB600998ADA /* LaunchPadCardView.swift in Sources */,
				1E1218AA2865D8A700328484 /* LaunchErrorView.swift in Sources */,
				1EA5B99C28855554005A9954 /* EventsFetcher.swift in Sources */,
				1E40DDC9286BFDC90038039F /* Color+Ext.swift in Sources */,
				1EA5B99528815433005A9954 /* LaunchVideoView.swift in Sources */,
				1ED3EEAE2862D5E800B4FC75 /* NewsErrorView.swift in Sources */,
				1EFB464E2886FAB300BD1AFE /* LaunchCountdownView.swift in Sources */,
				1EAFDF77286ABFC000998ADA /* TagView.swift in Sources */,
				1EE3035428759BF6007AF99C /* Pad.swift in Sources */,
				1EA5B98628806F42005A9954 /* LaunchAPIService.swift in Sources */,
				1E1218AE28699C1500328484 /* LaunchRowView.swift in Sources */,
				1EACE0E528706C530051B61D /* String+Ext.swift in Sources */,
				1EAFDF71286AAE7F00998ADA /* LaunchRocketCardView.swift in Sources */,
				1EE3035228759BE0007AF99C /* Mission.swift in Sources */,
				1EA5B97D28806BB6005A9954 /* LaunchEndpoint.swift in Sources */,
				1E40DDD8286C76A90038039F /* SettingsView.swift in Sources */,
				1ED3EEAA2862D24900B4FC75 /* NewsArticleFetcher.swift in Sources */,
				1ED3EE9D2862CAF800B4FC75 /* APIError.swift in Sources */,
				1E1218A82865D63F00328484 /* LaunchDetailView.swift in Sources */,
				1EE3034A28759B88007AF99C /* LaunchServiceProvider.swift in Sources */,
				1E1218B02869C47900328484 /* LaunchMissionCardView.swift in Sources */,
				1EA5B977287FD016005A9954 /* UIApplication+Ext.swift in Sources */,
				1E40DDDC286D8E110038039F /* WebViewController.swift in Sources */,
				1ED3EEAC2862D5BC00B4FC75 /* NewsLoadingView.swift in Sources */,
				1EACE0E728706CCA0051B61D /* RoundedCorner.swift in Sources */,
				1EE3034C28759B9E007AF99C /* Rocket.swift in Sources */,
				1ED3EE9F2862CB3700B4FC75 /* APIService.swift in Sources */,
				1ED3EE9A2862BF8900B4FC75 /* NewsView.swift in Sources */,
				1EACE0FA2873F83A0051B61D /* LaunchListView.swift in Sources */,
				1EA5B975287FC8D6005A9954 /* ThemeManager.swift in Sources */,
				1ED3EEB92862DFD300B4FC75 /* ImageLoader.swift in Sources */,
				1EB24CFE2864697100229E9F /* Launch.swift in Sources */,
				1EA5B98A28811B2B005A9954 /* JSONReader.swift in Sources */,
				1ED3EEB72862DFAE00B4FC75 /* ImageLoadingView.swift in Sources */,
				1EE3035628759C1B007AF99C /* InfoURL.swift in Sources */,
				1EAFDF75286AB65D00998ADA /* LaunchServiceCardView.swift in Sources */,
				1ED3EE582862BB3D00B4FC75 /* FrontierApp.swift in Sources */,
				1EA5B99828850E6C005A9954 /* EventsView.swift in Sources */,
				1EE3034E28759BB8007AF99C /* LaunchSerializer.swift in Sources */,
				1E40DDC4286ACF170038039F /* NewsWebView.swift in Sources */,
				1EFB464C2886F98D00BD1AFE /* LaunchCountDownService.swift in Sources */,
				1ED3EEB02862D7EC00B4FC75 /* NewsListView.swift in Sources */,
				1EE303602876CBB8007AF99C /* RootView.swift in Sources */,
				1EFB4650288A804C00BD1AFE /* LaunchCountdownTimeView.swift in Sources */,
				1EA5B99A28855540005A9954 /* Event.swift in Sources */,
			);
			runOnlyForDeploymentPostprocessing = 0;
		};
		1ED3EE662862BB3E00B4FC75 /* Sources */ = {
			isa = PBXSourcesBuildPhase;
			buildActionMask = 2147483647;
			files = (
				1ED3EE6F2862BB3E00B4FC75 /* FrontierTests.swift in Sources */,
			);
			runOnlyForDeploymentPostprocessing = 0;
		};
		1ED3EE702862BB3E00B4FC75 /* Sources */ = {
			isa = PBXSourcesBuildPhase;
			buildActionMask = 2147483647;
			files = (
				1ED3EE7B2862BB3E00B4FC75 /* FrontierUITestsLaunchTests.swift in Sources */,
				1ED3EE792862BB3E00B4FC75 /* FrontierUITests.swift in Sources */,
			);
			runOnlyForDeploymentPostprocessing = 0;
		};
/* End PBXSourcesBuildPhase section */

/* Begin PBXTargetDependency section */
		1ED3EE6C2862BB3E00B4FC75 /* PBXTargetDependency */ = {
			isa = PBXTargetDependency;
			target = 1ED3EE532862BB3D00B4FC75 /* Frontier */;
			targetProxy = 1ED3EE6B2862BB3E00B4FC75 /* PBXContainerItemProxy */;
		};
		1ED3EE762862BB3E00B4FC75 /* PBXTargetDependency */ = {
			isa = PBXTargetDependency;
			target = 1ED3EE532862BB3D00B4FC75 /* Frontier */;
			targetProxy = 1ED3EE752862BB3E00B4FC75 /* PBXContainerItemProxy */;
		};
/* End PBXTargetDependency section */

/* Begin PBXVariantGroup section */
		1ED3EE622862BB3E00B4FC75 /* LaunchScreen.storyboard */ = {
			isa = PBXVariantGroup;
			children = (
				1ED3EE632862BB3E00B4FC75 /* Base */,
			);
			name = LaunchScreen.storyboard;
			sourceTree = "<group>";
		};
/* End PBXVariantGroup section */

/* Begin XCBuildConfiguration section */
		1ED3EE7C2862BB3E00B4FC75 /* Debug */ = {
			isa = XCBuildConfiguration;
			buildSettings = {
				ALWAYS_SEARCH_USER_PATHS = NO;
				CLANG_ANALYZER_NONNULL = YES;
				CLANG_ANALYZER_NUMBER_OBJECT_CONVERSION = YES_AGGRESSIVE;
				CLANG_CXX_LANGUAGE_STANDARD = "gnu++17";
				CLANG_ENABLE_MODULES = YES;
				CLANG_ENABLE_OBJC_ARC = YES;
				CLANG_ENABLE_OBJC_WEAK = YES;
				CLANG_WARN_BLOCK_CAPTURE_AUTORELEASING = YES;
				CLANG_WARN_BOOL_CONVERSION = YES;
				CLANG_WARN_COMMA = YES;
				CLANG_WARN_CONSTANT_CONVERSION = YES;
				CLANG_WARN_DEPRECATED_OBJC_IMPLEMENTATIONS = YES;
				CLANG_WARN_DIRECT_OBJC_ISA_USAGE = YES_ERROR;
				CLANG_WARN_DOCUMENTATION_COMMENTS = YES;
				CLANG_WARN_EMPTY_BODY = YES;
				CLANG_WARN_ENUM_CONVERSION = YES;
				CLANG_WARN_INFINITE_RECURSION = YES;
				CLANG_WARN_INT_CONVERSION = YES;
				CLANG_WARN_NON_LITERAL_NULL_CONVERSION = YES;
				CLANG_WARN_OBJC_IMPLICIT_RETAIN_SELF = YES;
				CLANG_WARN_OBJC_LITERAL_CONVERSION = YES;
				CLANG_WARN_OBJC_ROOT_CLASS = YES_ERROR;
				CLANG_WARN_QUOTED_INCLUDE_IN_FRAMEWORK_HEADER = YES;
				CLANG_WARN_RANGE_LOOP_ANALYSIS = YES;
				CLANG_WARN_STRICT_PROTOTYPES = YES;
				CLANG_WARN_SUSPICIOUS_MOVE = YES;
				CLANG_WARN_UNGUARDED_AVAILABILITY = YES_AGGRESSIVE;
				CLANG_WARN_UNREACHABLE_CODE = YES;
				CLANG_WARN__DUPLICATE_METHOD_MATCH = YES;
				COPY_PHASE_STRIP = NO;
				DEBUG_INFORMATION_FORMAT = dwarf;
				ENABLE_STRICT_OBJC_MSGSEND = YES;
				ENABLE_TESTABILITY = YES;
				GCC_C_LANGUAGE_STANDARD = gnu11;
				GCC_DYNAMIC_NO_PIC = NO;
				GCC_NO_COMMON_BLOCKS = YES;
				GCC_OPTIMIZATION_LEVEL = 0;
				GCC_PREPROCESSOR_DEFINITIONS = (
					"DEBUG=1",
					"$(inherited)",
				);
				GCC_WARN_64_TO_32_BIT_CONVERSION = YES;
				GCC_WARN_ABOUT_RETURN_TYPE = YES_ERROR;
				GCC_WARN_UNDECLARED_SELECTOR = YES;
				GCC_WARN_UNINITIALIZED_AUTOS = YES_AGGRESSIVE;
				GCC_WARN_UNUSED_FUNCTION = YES;
				GCC_WARN_UNUSED_VARIABLE = YES;
				IPHONEOS_DEPLOYMENT_TARGET = 15.5;
				MTL_ENABLE_DEBUG_INFO = INCLUDE_SOURCE;
				MTL_FAST_MATH = YES;
				ONLY_ACTIVE_ARCH = YES;
				SDKROOT = iphoneos;
				SWIFT_ACTIVE_COMPILATION_CONDITIONS = DEBUG;
				SWIFT_OPTIMIZATION_LEVEL = "-Onone";
			};
			name = Debug;
		};
		1ED3EE7D2862BB3E00B4FC75 /* Release */ = {
			isa = XCBuildConfiguration;
			buildSettings = {
				ALWAYS_SEARCH_USER_PATHS = NO;
				CLANG_ANALYZER_NONNULL = YES;
				CLANG_ANALYZER_NUMBER_OBJECT_CONVERSION = YES_AGGRESSIVE;
				CLANG_CXX_LANGUAGE_STANDARD = "gnu++17";
				CLANG_ENABLE_MODULES = YES;
				CLANG_ENABLE_OBJC_ARC = YES;
				CLANG_ENABLE_OBJC_WEAK = YES;
				CLANG_WARN_BLOCK_CAPTURE_AUTORELEASING = YES;
				CLANG_WARN_BOOL_CONVERSION = YES;
				CLANG_WARN_COMMA = YES;
				CLANG_WARN_CONSTANT_CONVERSION = YES;
				CLANG_WARN_DEPRECATED_OBJC_IMPLEMENTATIONS = YES;
				CLANG_WARN_DIRECT_OBJC_ISA_USAGE = YES_ERROR;
				CLANG_WARN_DOCUMENTATION_COMMENTS = YES;
				CLANG_WARN_EMPTY_BODY = YES;
				CLANG_WARN_ENUM_CONVERSION = YES;
				CLANG_WARN_INFINITE_RECURSION = YES;
				CLANG_WARN_INT_CONVERSION = YES;
				CLANG_WARN_NON_LITERAL_NULL_CONVERSION = YES;
				CLANG_WARN_OBJC_IMPLICIT_RETAIN_SELF = YES;
				CLANG_WARN_OBJC_LITERAL_CONVERSION = YES;
				CLANG_WARN_OBJC_ROOT_CLASS = YES_ERROR;
				CLANG_WARN_QUOTED_INCLUDE_IN_FRAMEWORK_HEADER = YES;
				CLANG_WARN_RANGE_LOOP_ANALYSIS = YES;
				CLANG_WARN_STRICT_PROTOTYPES = YES;
				CLANG_WARN_SUSPICIOUS_MOVE = YES;
				CLANG_WARN_UNGUARDED_AVAILABILITY = YES_AGGRESSIVE;
				CLANG_WARN_UNREACHABLE_CODE = YES;
				CLANG_WARN__DUPLICATE_METHOD_MATCH = YES;
				COPY_PHASE_STRIP = NO;
				DEBUG_INFORMATION_FORMAT = "dwarf-with-dsym";
				ENABLE_NS_ASSERTIONS = NO;
				ENABLE_STRICT_OBJC_MSGSEND = YES;
				GCC_C_LANGUAGE_STANDARD = gnu11;
				GCC_NO_COMMON_BLOCKS = YES;
				GCC_WARN_64_TO_32_BIT_CONVERSION = YES;
				GCC_WARN_ABOUT_RETURN_TYPE = YES_ERROR;
				GCC_WARN_UNDECLARED_SELECTOR = YES;
				GCC_WARN_UNINITIALIZED_AUTOS = YES_AGGRESSIVE;
				GCC_WARN_UNUSED_FUNCTION = YES;
				GCC_WARN_UNUSED_VARIABLE = YES;
				IPHONEOS_DEPLOYMENT_TARGET = 15.5;
				MTL_ENABLE_DEBUG_INFO = NO;
				MTL_FAST_MATH = YES;
				SDKROOT = iphoneos;
				SWIFT_COMPILATION_MODE = wholemodule;
				SWIFT_OPTIMIZATION_LEVEL = "-O";
				VALIDATE_PRODUCT = YES;
			};
			name = Release;
		};
		1ED3EE7F2862BB3E00B4FC75 /* Debug */ = {
			isa = XCBuildConfiguration;
			buildSettings = {
				ASSETCATALOG_COMPILER_APPICON_NAME = AppIcon;
				ASSETCATALOG_COMPILER_GLOBAL_ACCENT_COLOR_NAME = AccentColor;
				CODE_SIGN_STYLE = Automatic;
				CURRENT_PROJECT_VERSION = 1;
				DEVELOPMENT_TEAM = 35QFZC39DW;
				GENERATE_INFOPLIST_FILE = YES;
				INFOPLIST_FILE = Frontier/Info.plist;
				INFOPLIST_KEY_UIApplicationSupportsIndirectInputEvents = YES;
				INFOPLIST_KEY_UILaunchStoryboardName = LaunchScreen;
				INFOPLIST_KEY_UISupportedInterfaceOrientations = "UIInterfaceOrientationPortrait UIInterfaceOrientationLandscapeLeft";
				INFOPLIST_KEY_UISupportedInterfaceOrientations_iPad = "UIInterfaceOrientationPortrait UIInterfaceOrientationPortraitUpsideDown UIInterfaceOrientationLandscapeLeft UIInterfaceOrientationLandscapeRight";
				INFOPLIST_KEY_UISupportedInterfaceOrientations_iPhone = "UIInterfaceOrientationPortrait UIInterfaceOrientationLandscapeLeft UIInterfaceOrientationLandscapeRight";
				IPHONEOS_DEPLOYMENT_TARGET = 14.0;
				LD_RUNPATH_SEARCH_PATHS = (
					"$(inherited)",
					"@executable_path/Frameworks",
				);
				MARKETING_VERSION = 1.0;
				PRODUCT_BUNDLE_IDENTIFIER = co.songpark.Frontier;
				PRODUCT_NAME = "$(TARGET_NAME)";
				SWIFT_EMIT_LOC_STRINGS = YES;
				SWIFT_VERSION = 5.0;
				TARGETED_DEVICE_FAMILY = "1,2";
			};
			name = Debug;
		};
		1ED3EE802862BB3E00B4FC75 /* Release */ = {
			isa = XCBuildConfiguration;
			buildSettings = {
				ASSETCATALOG_COMPILER_APPICON_NAME = AppIcon;
				ASSETCATALOG_COMPILER_GLOBAL_ACCENT_COLOR_NAME = AccentColor;
				CODE_SIGN_STYLE = Automatic;
				CURRENT_PROJECT_VERSION = 1;
				DEVELOPMENT_TEAM = 35QFZC39DW;
				GENERATE_INFOPLIST_FILE = YES;
				INFOPLIST_FILE = Frontier/Info.plist;
				INFOPLIST_KEY_UIApplicationSupportsIndirectInputEvents = YES;
				INFOPLIST_KEY_UILaunchStoryboardName = LaunchScreen;
				INFOPLIST_KEY_UISupportedInterfaceOrientations = "UIInterfaceOrientationPortrait UIInterfaceOrientationLandscapeLeft";
				INFOPLIST_KEY_UISupportedInterfaceOrientations_iPad = "UIInterfaceOrientationPortrait UIInterfaceOrientationPortraitUpsideDown UIInterfaceOrientationLandscapeLeft UIInterfaceOrientationLandscapeRight";
				INFOPLIST_KEY_UISupportedInterfaceOrientations_iPhone = "UIInterfaceOrientationPortrait UIInterfaceOrientationLandscapeLeft UIInterfaceOrientationLandscapeRight";
				IPHONEOS_DEPLOYMENT_TARGET = 14.0;
				LD_RUNPATH_SEARCH_PATHS = (
					"$(inherited)",
					"@executable_path/Frameworks",
				);
				MARKETING_VERSION = 1.0;
				PRODUCT_BUNDLE_IDENTIFIER = co.songpark.Frontier;
				PRODUCT_NAME = "$(TARGET_NAME)";
				SWIFT_EMIT_LOC_STRINGS = YES;
				SWIFT_VERSION = 5.0;
				TARGETED_DEVICE_FAMILY = "1,2";
			};
			name = Release;
		};
		1ED3EE822862BB3E00B4FC75 /* Debug */ = {
			isa = XCBuildConfiguration;
			buildSettings = {
				ALWAYS_EMBED_SWIFT_STANDARD_LIBRARIES = YES;
				BUNDLE_LOADER = "$(TEST_HOST)";
				CODE_SIGN_STYLE = Automatic;
				CURRENT_PROJECT_VERSION = 1;
				DEVELOPMENT_TEAM = 35QFZC39DW;
				GENERATE_INFOPLIST_FILE = YES;
				IPHONEOS_DEPLOYMENT_TARGET = 15.5;
				MARKETING_VERSION = 1.0;
				PRODUCT_BUNDLE_IDENTIFIER = co.songpark.FrontierTests;
				PRODUCT_NAME = "$(TARGET_NAME)";
				SWIFT_EMIT_LOC_STRINGS = NO;
				SWIFT_VERSION = 5.0;
				TARGETED_DEVICE_FAMILY = "1,2";
				TEST_HOST = "$(BUILT_PRODUCTS_DIR)/Frontier.app/Frontier";
			};
			name = Debug;
		};
		1ED3EE832862BB3E00B4FC75 /* Release */ = {
			isa = XCBuildConfiguration;
			buildSettings = {
				ALWAYS_EMBED_SWIFT_STANDARD_LIBRARIES = YES;
				BUNDLE_LOADER = "$(TEST_HOST)";
				CODE_SIGN_STYLE = Automatic;
				CURRENT_PROJECT_VERSION = 1;
				DEVELOPMENT_TEAM = 35QFZC39DW;
				GENERATE_INFOPLIST_FILE = YES;
				IPHONEOS_DEPLOYMENT_TARGET = 15.5;
				MARKETING_VERSION = 1.0;
				PRODUCT_BUNDLE_IDENTIFIER = co.songpark.FrontierTests;
				PRODUCT_NAME = "$(TARGET_NAME)";
				SWIFT_EMIT_LOC_STRINGS = NO;
				SWIFT_VERSION = 5.0;
				TARGETED_DEVICE_FAMILY = "1,2";
				TEST_HOST = "$(BUILT_PRODUCTS_DIR)/Frontier.app/Frontier";
			};
			name = Release;
		};
		1ED3EE852862BB3E00B4FC75 /* Debug */ = {
			isa = XCBuildConfiguration;
			buildSettings = {
				ALWAYS_EMBED_SWIFT_STANDARD_LIBRARIES = YES;
				CODE_SIGN_STYLE = Automatic;
				CURRENT_PROJECT_VERSION = 1;
				DEVELOPMENT_TEAM = 35QFZC39DW;
				GENERATE_INFOPLIST_FILE = YES;
				MARKETING_VERSION = 1.0;
				PRODUCT_BUNDLE_IDENTIFIER = co.songpark.FrontierUITests;
				PRODUCT_NAME = "$(TARGET_NAME)";
				SWIFT_EMIT_LOC_STRINGS = NO;
				SWIFT_VERSION = 5.0;
				TARGETED_DEVICE_FAMILY = "1,2";
				TEST_TARGET_NAME = Frontier;
			};
			name = Debug;
		};
		1ED3EE862862BB3E00B4FC75 /* Release */ = {
			isa = XCBuildConfiguration;
			buildSettings = {
				ALWAYS_EMBED_SWIFT_STANDARD_LIBRARIES = YES;
				CODE_SIGN_STYLE = Automatic;
				CURRENT_PROJECT_VERSION = 1;
				DEVELOPMENT_TEAM = 35QFZC39DW;
				GENERATE_INFOPLIST_FILE = YES;
				MARKETING_VERSION = 1.0;
				PRODUCT_BUNDLE_IDENTIFIER = co.songpark.FrontierUITests;
				PRODUCT_NAME = "$(TARGET_NAME)";
				SWIFT_EMIT_LOC_STRINGS = NO;
				SWIFT_VERSION = 5.0;
				TARGETED_DEVICE_FAMILY = "1,2";
				TEST_TARGET_NAME = Frontier;
			};
			name = Release;
		};
/* End XCBuildConfiguration section */

/* Begin XCConfigurationList section */
		1ED3EE4F2862BB3D00B4FC75 /* Build configuration list for PBXProject "Frontier" */ = {
			isa = XCConfigurationList;
			buildConfigurations = (
				1ED3EE7C2862BB3E00B4FC75 /* Debug */,
				1ED3EE7D2862BB3E00B4FC75 /* Release */,
			);
			defaultConfigurationIsVisible = 0;
			defaultConfigurationName = Release;
		};
		1ED3EE7E2862BB3E00B4FC75 /* Build configuration list for PBXNativeTarget "Frontier" */ = {
			isa = XCConfigurationList;
			buildConfigurations = (
				1ED3EE7F2862BB3E00B4FC75 /* Debug */,
				1ED3EE802862BB3E00B4FC75 /* Release */,
			);
			defaultConfigurationIsVisible = 0;
			defaultConfigurationName = Release;
		};
		1ED3EE812862BB3E00B4FC75 /* Build configuration list for PBXNativeTarget "FrontierTests" */ = {
			isa = XCConfigurationList;
			buildConfigurations = (
				1ED3EE822862BB3E00B4FC75 /* Debug */,
				1ED3EE832862BB3E00B4FC75 /* Release */,
			);
			defaultConfigurationIsVisible = 0;
			defaultConfigurationName = Release;
		};
		1ED3EE842862BB3E00B4FC75 /* Build configuration list for PBXNativeTarget "FrontierUITests" */ = {
			isa = XCConfigurationList;
			buildConfigurations = (
				1ED3EE852862BB3E00B4FC75 /* Debug */,
				1ED3EE862862BB3E00B4FC75 /* Release */,
			);
			defaultConfigurationIsVisible = 0;
			defaultConfigurationName = Release;
		};
/* End XCConfigurationList section */
	};
	rootObject = 1ED3EE4C2862BB3D00B4FC75 /* Project object */;
}
